
Microsoft Visual Studio Solution File, Format Version 12.00
# Visual Studio Version 17
VisualStudioVersion = 17.5.33502.453
MinimumVisualStudioVersion = 10.0.40219.1
Project("{FAE04EC0-301F-11D3-BF4B-00C04F79EFBC}") = "Lev_DateTimeLibrary", "Lev_DateTimeLibrary\Lev_DateTimeLibrary.csproj", "{A8599EB3-9FD7-473E-BF0E-1787F3BB0327}"
EndProject
Project("{FAE04EC0-301F-11D3-BF4B-00C04F79EFBC}") = "Tests", "Tests\Tests.csproj", "{75533E22-5DFF-4BEC-8803-554990A1CE37}"
EndProject
Global
	GlobalSection(SolutionConfigurationPlatforms) = preSolution
		Debug|Any CPU = Debug|Any CPU
		Release|Any CPU = Release|Any CPU
	EndGlobalSection
	GlobalSection(ProjectConfigurationPlatforms) = postSolution
		{A8599EB3-9FD7-473E-BF0E-1787F3BB0327}.Debug|Any CPU.ActiveCfg = Debug|Any CPU
		{A8599EB3-9FD7-473E-BF0E-1787F3BB0327}.Debug|Any CPU.Build.0 = Debug|Any CPU
		{A8599EB3-9FD7-473E-BF0E-1787F3BB0327}.Release|Any CPU.ActiveCfg = Release|Any CPU
		{A8599EB3-9FD7-473E-BF0E-1787F3BB0327}.Release|Any CPU.Build.0 = Release|Any CPU
		{75533E22-5DFF-4BEC-8803-554990A1CE37}.Debug|Any CPU.ActiveCfg = Debug|Any CPU
		{75533E22-5DFF-4BEC-8803-554990A1CE37}.Debug|Any CPU.Build.0 = Debug|Any CPU
		{75533E22-5DFF-4BEC-8803-554990A1CE37}.Release|Any CPU.ActiveCfg = Release|Any CPU
		{75533E22-5DFF-4BEC-8803-554990A1CE37}.Release|Any CPU.Build.0 = Release|Any CPU
	EndGlobalSection
	GlobalSection(SolutionProperties) = preSolution
		HideSolutionNode = FALSE
	EndGlobalSection
	GlobalSection(ExtensibilityGlobals) = postSolution
		SolutionGuid = {608E358C-E79C-40BC-87E1-7680E4BE2F01}
	EndGlobalSection
EndGlobal
